
Microsoft Visual Studio Solution File, Format Version 12.00
# Visual Studio Version 17
VisualStudioVersion = 17.10.34916.146
MinimumVisualStudioVersion = 10.0.40219.1
Project("{888888A0-9F3D-457C-B088-3A5042F75D52}") = "BlackJackPython", "BlackJackPython\BlackJackPython.pyproj", "{E472702B-FCD3-4AF5-A5A4-E19E265261C7}"
EndProject
Global
	GlobalSection(SolutionConfigurationPlatforms) = preSolution
		Debug|Any CPU = Debug|Any CPU
		Release|Any CPU = Release|Any CPU
	EndGlobalSection
	GlobalSection(ProjectConfigurationPlatforms) = postSolution
		{E472702B-FCD3-4AF5-A5A4-E19E265261C7}.Debug|Any CPU.ActiveCfg = Debug|Any CPU
		{E472702B-FCD3-4AF5-A5A4-E19E265261C7}.Release|Any CPU.ActiveCfg = Release|Any CPU
	EndGlobalSection
	GlobalSection(SolutionProperties) = preSolution
		HideSolutionNode = FALSE
	EndGlobalSection
	GlobalSection(ExtensibilityGlobals) = postSolution
		SolutionGuid = {16E2A1A7-5758-4AE4-9FBC-10E3A8003793}
	EndGlobalSection
EndGlobal
